<?xml version="1.0" encoding="utf-8"?>
<Project ToolsVersion="17.0" xmlns="http://schemas.microsoft.com/developer/msbuild/2003">
  <ItemGroup>
    <ClCompile Include="D:\DEV\Abuse_2025\src\lisp\lisp.cpp">
      <Filter>Source Files</Filter>
    </ClCompile>
    <ClCompile Include="D:\DEV\Abuse_2025\src\lisp\lisp_opt.cpp">
      <Filter>Source Files</Filter>
    </ClCompile>
    <ClCompile Include="D:\DEV\Abuse_2025\src\lisp\lisp_gc.cpp">
      <Filter>Source Files</Filter>
    </ClCompile>
    <ClCompile Include="D:\DEV\Abuse_2025\src\lisp\trig.cpp">
      <Filter>Source Files</Filter>
    </ClCompile>
  </ItemGroup>
  <ItemGroup>
    <ClInclude Include="D:\DEV\Abuse_2025\src\lisp\lisp.h">
      <Filter>Header Files</Filter>
    </ClInclude>
    <ClInclude Include="D:\DEV\Abuse_2025\src\lisp\lisp_opt.h">
      <Filter>Header Files</Filter>
    </ClInclude>
    <ClInclude Include="D:\DEV\Abuse_2025\src\lisp\lisp_gc.h">
      <Filter>Header Files</Filter>
    </ClInclude>
    <ClInclude Include="D:\DEV\Abuse_2025\src\lisp\stack.h">
      <Filter>Header Files</Filter>
    </ClInclude>
    <ClInclude Include="D:\DEV\Abuse_2025\src\lisp\symbols.h">
      <Filter>Header Files</Filter>
    </ClInclude>
  </ItemGroup>
  <ItemGroup>
    <CustomBuild Include="D:\DEV\Abuse_2025\src\lisp\CMakeLists.txt" />
  </ItemGroup>
  <ItemGroup>
    <Filter Include="Header Files">
      <UniqueIdentifier>{6DAD3F16-A599-38A0-972E-6EB6CA631266}</UniqueIdentifier>
    </Filter>
    <Filter Include="Source Files">
      <UniqueIdentifier>{6849A9BE-A7E5-3092-9203-31BBE3398744}</UniqueIdentifier>
    </Filter>
  </ItemGroup>
</Project>
