<?xml version="1.0" encoding="utf-8"?>
<Project ToolsVersion="17.0" xmlns="http://schemas.microsoft.com/developer/msbuild/2003">
  <ItemGroup>
    <ClCompile Include="D:\DEV\Abuse_2025\src\file_utils.cpp">
      <Filter>Source Files</Filter>
    </ClCompile>
    <ClCompile Include="D:\DEV\Abuse_2025\src\lol\matrix.cpp">
      <Filter>Source Files</Filter>
    </ClCompile>
    <ClCompile Include="D:\DEV\Abuse_2025\src\lol\timer.cpp">
      <Filter>Source Files</Filter>
    </ClCompile>
    <ClCompile Include="D:\DEV\Abuse_2025\src\specache.cpp">
      <Filter>Source Files</Filter>
    </ClCompile>
    <ClCompile Include="D:\DEV\Abuse_2025\src\netcfg.cpp">
      <Filter>Source Files</Filter>
    </ClCompile>
    <ClCompile Include="D:\DEV\Abuse_2025\src\innet.cpp">
      <Filter>Source Files</Filter>
    </ClCompile>
    <ClCompile Include="D:\DEV\Abuse_2025\src\chat.cpp">
      <Filter>Source Files</Filter>
    </ClCompile>
    <ClCompile Include="D:\DEV\Abuse_2025\src\endgame.cpp">
      <Filter>Source Files</Filter>
    </ClCompile>
    <ClCompile Include="D:\DEV\Abuse_2025\src\loadgame.cpp">
      <Filter>Source Files</Filter>
    </ClCompile>
    <ClCompile Include="D:\DEV\Abuse_2025\src\profile.cpp">
      <Filter>Source Files</Filter>
    </ClCompile>
    <ClCompile Include="D:\DEV\Abuse_2025\src\cop.cpp">
      <Filter>Source Files</Filter>
    </ClCompile>
    <ClCompile Include="D:\DEV\Abuse_2025\src\statbar.cpp">
      <Filter>Source Files</Filter>
    </ClCompile>
    <ClCompile Include="D:\DEV\Abuse_2025\src\compiled.cpp">
      <Filter>Source Files</Filter>
    </ClCompile>
    <ClCompile Include="D:\DEV\Abuse_2025\src\ant.cpp">
      <Filter>Source Files</Filter>
    </ClCompile>
    <ClCompile Include="D:\DEV\Abuse_2025\src\sensor.cpp">
      <Filter>Source Files</Filter>
    </ClCompile>
    <ClCompile Include="D:\DEV\Abuse_2025\src\demo.cpp">
      <Filter>Source Files</Filter>
    </ClCompile>
    <ClCompile Include="D:\DEV\Abuse_2025\src\nfclient.cpp">
      <Filter>Source Files</Filter>
    </ClCompile>
    <ClCompile Include="D:\DEV\Abuse_2025\src\clisp.cpp">
      <Filter>Source Files</Filter>
    </ClCompile>
    <ClCompile Include="D:\DEV\Abuse_2025\src\gui.cpp">
      <Filter>Source Files</Filter>
    </ClCompile>
    <ClCompile Include="D:\DEV\Abuse_2025\src\transp.cpp">
      <Filter>Source Files</Filter>
    </ClCompile>
    <ClCompile Include="D:\DEV\Abuse_2025\src\collide.cpp">
      <Filter>Source Files</Filter>
    </ClCompile>
    <ClCompile Include="D:\DEV\Abuse_2025\src\property.cpp">
      <Filter>Source Files</Filter>
    </ClCompile>
    <ClCompile Include="D:\DEV\Abuse_2025\src\cache.cpp">
      <Filter>Source Files</Filter>
    </ClCompile>
    <ClCompile Include="D:\DEV\Abuse_2025\src\particle.cpp">
      <Filter>Source Files</Filter>
    </ClCompile>
    <ClCompile Include="D:\DEV\Abuse_2025\src\objects.cpp">
      <Filter>Source Files</Filter>
    </ClCompile>
    <ClCompile Include="D:\DEV\Abuse_2025\src\extend.cpp">
      <Filter>Source Files</Filter>
    </ClCompile>
    <ClCompile Include="D:\DEV\Abuse_2025\src\console.cpp">
      <Filter>Source Files</Filter>
    </ClCompile>
    <ClCompile Include="D:\DEV\Abuse_2025\src\ability.cpp">
      <Filter>Source Files</Filter>
    </ClCompile>
    <ClCompile Include="D:\DEV\Abuse_2025\src\items.cpp">
      <Filter>Source Files</Filter>
    </ClCompile>
    <ClCompile Include="D:\DEV\Abuse_2025\src\dev.cpp">
      <Filter>Source Files</Filter>
    </ClCompile>
    <ClCompile Include="D:\DEV\Abuse_2025\src\chars.cpp">
      <Filter>Source Files</Filter>
    </ClCompile>
    <ClCompile Include="D:\DEV\Abuse_2025\src\level.cpp">
      <Filter>Source Files</Filter>
    </ClCompile>
    <ClCompile Include="D:\DEV\Abuse_2025\src\smallfnt.cpp">
      <Filter>Source Files</Filter>
    </ClCompile>
    <ClCompile Include="D:\DEV\Abuse_2025\src\automap.cpp">
      <Filter>Source Files</Filter>
    </ClCompile>
    <ClCompile Include="D:\DEV\Abuse_2025\src\help.cpp">
      <Filter>Source Files</Filter>
    </ClCompile>
    <ClCompile Include="D:\DEV\Abuse_2025\src\intsect.cpp">
      <Filter>Source Files</Filter>
    </ClCompile>
    <ClCompile Include="D:\DEV\Abuse_2025\src\loader2.cpp">
      <Filter>Source Files</Filter>
    </ClCompile>
    <ClCompile Include="D:\DEV\Abuse_2025\src\seq.cpp">
      <Filter>Source Files</Filter>
    </ClCompile>
    <ClCompile Include="D:\DEV\Abuse_2025\src\points.cpp">
      <Filter>Source Files</Filter>
    </ClCompile>
    <ClCompile Include="D:\DEV\Abuse_2025\src\fnt6x13.cpp">
      <Filter>Source Files</Filter>
    </ClCompile>
    <ClCompile Include="D:\DEV\Abuse_2025\src\morpher.cpp">
      <Filter>Source Files</Filter>
    </ClCompile>
    <ClCompile Include="D:\DEV\Abuse_2025\src\menu.cpp">
      <Filter>Source Files</Filter>
    </ClCompile>
    <ClCompile Include="D:\DEV\Abuse_2025\src\director.cpp">
      <Filter>Source Files</Filter>
    </ClCompile>
    <ClCompile Include="D:\DEV\Abuse_2025\src\view.cpp">
      <Filter>Source Files</Filter>
    </ClCompile>
    <ClCompile Include="D:\DEV\Abuse_2025\src\configuration.cpp">
      <Filter>Source Files</Filter>
    </ClCompile>
    <ClCompile Include="D:\DEV\Abuse_2025\src\game.cpp">
      <Filter>Source Files</Filter>
    </ClCompile>
    <ClCompile Include="D:\DEV\Abuse_2025\src\light.cpp">
      <Filter>Source Files</Filter>
    </ClCompile>
    <ClCompile Include="D:\DEV\Abuse_2025\src\devsel.cpp">
      <Filter>Source Files</Filter>
    </ClCompile>
    <ClCompile Include="D:\DEV\Abuse_2025\src\crc.cpp">
      <Filter>Source Files</Filter>
    </ClCompile>
    <ClCompile Include="D:\DEV\Abuse_2025\src\gamma.cpp">
      <Filter>Source Files</Filter>
    </ClCompile>
    <ClCompile Include="D:\DEV\Abuse_2025\src\interp_loader.cpp">
      <Filter>Source Files</Filter>
    </ClCompile>
    <ClCompile Include="D:\DEV\Abuse_2025\src\ui\volumewindow.cpp">
      <Filter>Source Files</Filter>
    </ClCompile>
  </ItemGroup>
  <ItemGroup>
    <ClInclude Include="D:\DEV\Abuse_2025\src\common.h">
      <Filter>Header Files</Filter>
    </ClInclude>
    <ClInclude Include="D:\DEV\Abuse_2025\src\file_utils.h">
      <Filter>Header Files</Filter>
    </ClInclude>
    <ClInclude Include="D:\DEV\Abuse_2025\src\lol\matrix.h">
      <Filter>Header Files</Filter>
    </ClInclude>
    <ClInclude Include="D:\DEV\Abuse_2025\src\lol\timer.h">
      <Filter>Header Files</Filter>
    </ClInclude>
    <ClInclude Include="D:\DEV\Abuse_2025\src\specache.h">
      <Filter>Header Files</Filter>
    </ClInclude>
    <ClInclude Include="D:\DEV\Abuse_2025\src\netcfg.h">
      <Filter>Header Files</Filter>
    </ClInclude>
    <ClInclude Include="D:\DEV\Abuse_2025\src\chat.h">
      <Filter>Header Files</Filter>
    </ClInclude>
    <ClInclude Include="D:\DEV\Abuse_2025\src\loadgame.h">
      <Filter>Header Files</Filter>
    </ClInclude>
    <ClInclude Include="D:\DEV\Abuse_2025\src\profile.h">
      <Filter>Header Files</Filter>
    </ClInclude>
    <ClInclude Include="D:\DEV\Abuse_2025\src\cop.h">
      <Filter>Header Files</Filter>
    </ClInclude>
    <ClInclude Include="D:\DEV\Abuse_2025\src\compiled.h">
      <Filter>Header Files</Filter>
    </ClInclude>
    <ClInclude Include="D:\DEV\Abuse_2025\src\ant.h">
      <Filter>Header Files</Filter>
    </ClInclude>
    <ClInclude Include="D:\DEV\Abuse_2025\src\demo.h">
      <Filter>Header Files</Filter>
    </ClInclude>
    <ClInclude Include="D:\DEV\Abuse_2025\src\nfclient.h">
      <Filter>Header Files</Filter>
    </ClInclude>
    <ClInclude Include="D:\DEV\Abuse_2025\src\clisp.h">
      <Filter>Header Files</Filter>
    </ClInclude>
    <ClInclude Include="D:\DEV\Abuse_2025\src\gui.h">
      <Filter>Header Files</Filter>
    </ClInclude>
    <ClInclude Include="D:\DEV\Abuse_2025\src\transp.h">
      <Filter>Header Files</Filter>
    </ClInclude>
    <ClInclude Include="D:\DEV\Abuse_2025\src\property.h">
      <Filter>Header Files</Filter>
    </ClInclude>
    <ClInclude Include="D:\DEV\Abuse_2025\src\cache.h">
      <Filter>Header Files</Filter>
    </ClInclude>
    <ClInclude Include="D:\DEV\Abuse_2025\src\particle.h">
      <Filter>Header Files</Filter>
    </ClInclude>
    <ClInclude Include="D:\DEV\Abuse_2025\src\objects.h">
      <Filter>Header Files</Filter>
    </ClInclude>
    <ClInclude Include="D:\DEV\Abuse_2025\src\extend.h">
      <Filter>Header Files</Filter>
    </ClInclude>
    <ClInclude Include="D:\DEV\Abuse_2025\src\console.h">
      <Filter>Header Files</Filter>
    </ClInclude>
    <ClInclude Include="D:\DEV\Abuse_2025\src\ability.h">
      <Filter>Header Files</Filter>
    </ClInclude>
    <ClInclude Include="D:\DEV\Abuse_2025\src\items.h">
      <Filter>Header Files</Filter>
    </ClInclude>
    <ClInclude Include="D:\DEV\Abuse_2025\src\dev.h">
      <Filter>Header Files</Filter>
    </ClInclude>
    <ClInclude Include="D:\DEV\Abuse_2025\src\chars.h">
      <Filter>Header Files</Filter>
    </ClInclude>
    <ClInclude Include="D:\DEV\Abuse_2025\src\level.h">
      <Filter>Header Files</Filter>
    </ClInclude>
    <ClInclude Include="D:\DEV\Abuse_2025\src\automap.h">
      <Filter>Header Files</Filter>
    </ClInclude>
    <ClInclude Include="D:\DEV\Abuse_2025\src\help.h">
      <Filter>Header Files</Filter>
    </ClInclude>
    <ClInclude Include="D:\DEV\Abuse_2025\src\intsect.h">
      <Filter>Header Files</Filter>
    </ClInclude>
    <ClInclude Include="D:\DEV\Abuse_2025\src\loader2.h">
      <Filter>Header Files</Filter>
    </ClInclude>
    <ClInclude Include="D:\DEV\Abuse_2025\src\seq.h">
      <Filter>Header Files</Filter>
    </ClInclude>
    <ClInclude Include="D:\DEV\Abuse_2025\src\points.h">
      <Filter>Header Files</Filter>
    </ClInclude>
    <ClInclude Include="D:\DEV\Abuse_2025\src\morpher.h">
      <Filter>Header Files</Filter>
    </ClInclude>
    <ClInclude Include="D:\DEV\Abuse_2025\src\menu.h">
      <Filter>Header Files</Filter>
    </ClInclude>
    <ClInclude Include="D:\DEV\Abuse_2025\src\director.h">
      <Filter>Header Files</Filter>
    </ClInclude>
    <ClInclude Include="D:\DEV\Abuse_2025\src\view.h">
      <Filter>Header Files</Filter>
    </ClInclude>
    <ClInclude Include="D:\DEV\Abuse_2025\src\configuration.h">
      <Filter>Header Files</Filter>
    </ClInclude>
    <ClInclude Include="D:\DEV\Abuse_2025\src\game.h">
      <Filter>Header Files</Filter>
    </ClInclude>
    <ClInclude Include="D:\DEV\Abuse_2025\src\light.h">
      <Filter>Header Files</Filter>
    </ClInclude>
    <ClInclude Include="D:\DEV\Abuse_2025\src\devsel.h">
      <Filter>Header Files</Filter>
    </ClInclude>
    <ClInclude Include="D:\DEV\Abuse_2025\src\crc.h">
      <Filter>Header Files</Filter>
    </ClInclude>
    <ClInclude Include="D:\DEV\Abuse_2025\src\gamma.h">
      <Filter>Header Files</Filter>
    </ClInclude>
    <ClInclude Include="D:\DEV\Abuse_2025\src\interp_loader.h">
      <Filter>Header Files</Filter>
    </ClInclude>
    <ClInclude Include="D:\DEV\Abuse_2025\src\id.h">
      <Filter>Header Files</Filter>
    </ClInclude>
    <ClInclude Include="D:\DEV\Abuse_2025\src\isllist.h">
      <Filter>Header Files</Filter>
    </ClInclude>
    <ClInclude Include="D:\DEV\Abuse_2025\src\sbar.h">
      <Filter>Header Files</Filter>
    </ClInclude>
    <ClInclude Include="D:\DEV\Abuse_2025\src\nfserver.h">
      <Filter>Header Files</Filter>
    </ClInclude>
    <ClInclude Include="D:\DEV\Abuse_2025\src\ui\volumewindow.h">
      <Filter>Header Files</Filter>
    </ClInclude>
  </ItemGroup>
  <ItemGroup>
    <CustomBuild Include="D:\DEV\Abuse_2025\src\CMakeLists.txt" />
  </ItemGroup>
  <ItemGroup>
    <ResourceCompile Include="D:\DEV\Abuse_2025\msvc-build\src\resources.rc">
      <Filter>Source Files</Filter>
    </ResourceCompile>
  </ItemGroup>
  <ItemGroup>
    <Filter Include="Header Files">
      <UniqueIdentifier>{6DAD3F16-A599-38A0-972E-6EB6CA631266}</UniqueIdentifier>
    </Filter>
    <Filter Include="Source Files">
      <UniqueIdentifier>{6849A9BE-A7E5-3092-9203-31BBE3398744}</UniqueIdentifier>
    </Filter>
  </ItemGroup>
</Project>
