<?xml version="1.0" encoding="utf-8"?>
<Project ToolsVersion="17.0" xmlns="http://schemas.microsoft.com/developer/msbuild/2003">
  <ItemGroup>
    <ClCompile Include="D:\DEV\Abuse_2025\src\imlib\filter.cpp">
      <Filter>Source Files</Filter>
    </ClCompile>
    <ClCompile Include="D:\DEV\Abuse_2025\src\imlib\image.cpp">
      <Filter>Source Files</Filter>
    </ClCompile>
    <ClCompile Include="D:\DEV\Abuse_2025\src\imlib\transimage.cpp">
      <Filter>Source Files</Filter>
    </ClCompile>
    <ClCompile Include="D:\DEV\Abuse_2025\src\imlib\linked.cpp">
      <Filter>Source Files</Filter>
    </ClCompile>
    <ClCompile Include="D:\DEV\Abuse_2025\src\imlib\input.cpp">
      <Filter>Source Files</Filter>
    </ClCompile>
    <ClCompile Include="D:\DEV\Abuse_2025\src\imlib\palette.cpp">
      <Filter>Source Files</Filter>
    </ClCompile>
    <ClCompile Include="D:\DEV\Abuse_2025\src\imlib\include.cpp">
      <Filter>Source Files</Filter>
    </ClCompile>
    <ClCompile Include="D:\DEV\Abuse_2025\src\imlib\fonts.cpp">
      <Filter>Source Files</Filter>
    </ClCompile>
    <ClCompile Include="D:\DEV\Abuse_2025\src\imlib\specs.cpp">
      <Filter>Source Files</Filter>
    </ClCompile>
    <ClCompile Include="D:\DEV\Abuse_2025\src\imlib\supmorph.cpp">
      <Filter>Source Files</Filter>
    </ClCompile>
    <ClCompile Include="D:\DEV\Abuse_2025\src\imlib\pcxread.cpp">
      <Filter>Source Files</Filter>
    </ClCompile>
    <ClCompile Include="D:\DEV\Abuse_2025\src\imlib\jrand.cpp">
      <Filter>Source Files</Filter>
    </ClCompile>
    <ClCompile Include="D:\DEV\Abuse_2025\src\imlib\keys.cpp">
      <Filter>Source Files</Filter>
    </ClCompile>
    <ClCompile Include="D:\DEV\Abuse_2025\src\imlib\dprint.cpp">
      <Filter>Source Files</Filter>
    </ClCompile>
    <ClCompile Include="D:\DEV\Abuse_2025\src\imlib\status.cpp">
      <Filter>Source Files</Filter>
    </ClCompile>
    <ClCompile Include="D:\DEV\Abuse_2025\src\imlib\pmenu.cpp">
      <Filter>Source Files</Filter>
    </ClCompile>
    <ClCompile Include="D:\DEV\Abuse_2025\src\imlib\scroller.cpp">
      <Filter>Source Files</Filter>
    </ClCompile>
    <ClCompile Include="D:\DEV\Abuse_2025\src\imlib\filesel.cpp">
      <Filter>Source Files</Filter>
    </ClCompile>
    <ClCompile Include="D:\DEV\Abuse_2025\src\imlib\tools.cpp">
      <Filter>Source Files</Filter>
    </ClCompile>
    <ClCompile Include="D:\DEV\Abuse_2025\src\imlib\guistat.cpp">
      <Filter>Source Files</Filter>
    </ClCompile>
    <ClCompile Include="D:\DEV\Abuse_2025\src\imlib\sprite.cpp">
      <Filter>Source Files</Filter>
    </ClCompile>
    <ClCompile Include="D:\DEV\Abuse_2025\src\imlib\jwindow.cpp">
      <Filter>Source Files</Filter>
    </ClCompile>
    <ClCompile Include="D:\DEV\Abuse_2025\src\imlib\video.cpp">
      <Filter>Source Files</Filter>
    </ClCompile>
    <ClCompile Include="D:\DEV\Abuse_2025\src\imlib\event.cpp">
      <Filter>Source Files</Filter>
    </ClCompile>
  </ItemGroup>
  <ItemGroup>
    <ClInclude Include="D:\DEV\Abuse_2025\src\imlib\filter.h">
      <Filter>Header Files</Filter>
    </ClInclude>
    <ClInclude Include="D:\DEV\Abuse_2025\src\imlib\image.h">
      <Filter>Header Files</Filter>
    </ClInclude>
    <ClInclude Include="D:\DEV\Abuse_2025\src\imlib\transimage.h">
      <Filter>Header Files</Filter>
    </ClInclude>
    <ClInclude Include="D:\DEV\Abuse_2025\src\imlib\linked.h">
      <Filter>Header Files</Filter>
    </ClInclude>
    <ClInclude Include="D:\DEV\Abuse_2025\src\imlib\input.h">
      <Filter>Header Files</Filter>
    </ClInclude>
    <ClInclude Include="D:\DEV\Abuse_2025\src\imlib\palette.h">
      <Filter>Header Files</Filter>
    </ClInclude>
    <ClInclude Include="D:\DEV\Abuse_2025\src\imlib\include.h">
      <Filter>Header Files</Filter>
    </ClInclude>
    <ClInclude Include="D:\DEV\Abuse_2025\src\imlib\fonts.h">
      <Filter>Header Files</Filter>
    </ClInclude>
    <ClInclude Include="D:\DEV\Abuse_2025\src\imlib\specs.h">
      <Filter>Header Files</Filter>
    </ClInclude>
    <ClInclude Include="D:\DEV\Abuse_2025\src\imlib\supmorph.h">
      <Filter>Header Files</Filter>
    </ClInclude>
    <ClInclude Include="D:\DEV\Abuse_2025\src\imlib\pcxread.h">
      <Filter>Header Files</Filter>
    </ClInclude>
    <ClInclude Include="D:\DEV\Abuse_2025\src\imlib\jrand.h">
      <Filter>Header Files</Filter>
    </ClInclude>
    <ClInclude Include="D:\DEV\Abuse_2025\src\imlib\keys.h">
      <Filter>Header Files</Filter>
    </ClInclude>
    <ClInclude Include="D:\DEV\Abuse_2025\src\imlib\dprint.h">
      <Filter>Header Files</Filter>
    </ClInclude>
    <ClInclude Include="D:\DEV\Abuse_2025\src\imlib\status.h">
      <Filter>Header Files</Filter>
    </ClInclude>
    <ClInclude Include="D:\DEV\Abuse_2025\src\imlib\pmenu.h">
      <Filter>Header Files</Filter>
    </ClInclude>
    <ClInclude Include="D:\DEV\Abuse_2025\src\imlib\scroller.h">
      <Filter>Header Files</Filter>
    </ClInclude>
    <ClInclude Include="D:\DEV\Abuse_2025\src\imlib\filesel.h">
      <Filter>Header Files</Filter>
    </ClInclude>
    <ClInclude Include="D:\DEV\Abuse_2025\src\imlib\tools.h">
      <Filter>Header Files</Filter>
    </ClInclude>
    <ClInclude Include="D:\DEV\Abuse_2025\src\imlib\guistat.h">
      <Filter>Header Files</Filter>
    </ClInclude>
    <ClInclude Include="D:\DEV\Abuse_2025\src\imlib\sprite.h">
      <Filter>Header Files</Filter>
    </ClInclude>
    <ClInclude Include="D:\DEV\Abuse_2025\src\imlib\jwindow.h">
      <Filter>Header Files</Filter>
    </ClInclude>
    <ClInclude Include="D:\DEV\Abuse_2025\src\imlib\video.h">
      <Filter>Header Files</Filter>
    </ClInclude>
    <ClInclude Include="D:\DEV\Abuse_2025\src\imlib\event.h">
      <Filter>Header Files</Filter>
    </ClInclude>
    <ClInclude Include="D:\DEV\Abuse_2025\src\imlib\timing.h">
      <Filter>Header Files</Filter>
    </ClInclude>
    <ClInclude Include="D:\DEV\Abuse_2025\src\imlib\jdir.h">
      <Filter>Header Files</Filter>
    </ClInclude>
    <ClInclude Include="D:\DEV\Abuse_2025\src\imlib\visobj.h">
      <Filter>Header Files</Filter>
    </ClInclude>
  </ItemGroup>
  <ItemGroup>
    <CustomBuild Include="D:\DEV\Abuse_2025\src\imlib\CMakeLists.txt" />
  </ItemGroup>
  <ItemGroup>
    <Filter Include="Header Files">
      <UniqueIdentifier>{6DAD3F16-A599-38A0-972E-6EB6CA631266}</UniqueIdentifier>
    </Filter>
    <Filter Include="Source Files">
      <UniqueIdentifier>{6849A9BE-A7E5-3092-9203-31BBE3398744}</UniqueIdentifier>
    </Filter>
  </ItemGroup>
</Project>
